
Microsoft Visual Studio Solution File, Format Version 12.00
# Visual Studio Version 17
VisualStudioVersion = 17.4.33213.308
MinimumVisualStudioVersion = 10.0.40219.1
Project("{FAE04EC0-301F-11D3-BF4B-00C04F79EFBC}") = "MagmaCFB", "Magma CFB\MagmaCFB.csproj", "{A9470B8C-957D-4DE1-BB16-266726F91F41}"
EndProject
Global
	GlobalSection(SolutionConfigurationPlatforms) = preSolution
		Debug|Any CPU = Debug|Any CPU
		Release|Any CPU = Release|Any CPU
	EndGlobalSection
	GlobalSection(ProjectConfigurationPlatforms) = postSolution
		{A9470B8C-957D-4DE1-BB16-266726F91F41}.Debug|Any CPU.ActiveCfg = Debug|Any CPU
		{A9470B8C-957D-4DE1-BB16-266726F91F41}.Debug|Any CPU.Build.0 = Debug|Any CPU
		{A9470B8C-957D-4DE1-BB16-266726F91F41}.Release|Any CPU.ActiveCfg = Release|Any CPU
		{A9470B8C-957D-4DE1-BB16-266726F91F41}.Release|Any CPU.Build.0 = Release|Any CPU
	EndGlobalSection
	GlobalSection(SolutionProperties) = preSolution
		HideSolutionNode = FALSE
	EndGlobalSection
	GlobalSection(ExtensibilityGlobals) = postSolution
		SolutionGuid = {5B7EEDC2-9DC8-4D07-869F-FB84DDF4F4D6}
	EndGlobalSection
EndGlobal
